{
  "requires": true,
  "lockfileVersion": 1,
  "dependencies": {
    "gkatzuky-palindrome": {
      "version": "0.1.1",
      "resolved": "https://registry.npmjs.org/gkatzuky-palindrome/-/gkatzuky-palindrome-0.1.1.tgz",
      "integrity": "sha512-SL8FdyZzynEAwraSZaIhp/iL2mjh9Zj7hwelgGJy9xNfc0uZTHFlLr9g2IsyTv2xnbs3QGL+GVYvHK/vQTlyBw=="
    }
  }
}
