{
  "requires": true,
  "lockfileVersion": 1,
  "dependencies": {
    "gkatzuky-palindrome": {
      "version": "0.1.2",
      "resolved": "https://registry.npmjs.org/gkatzuky-palindrome/-/gkatzuky-palindrome-0.1.2.tgz",
      "integrity": "sha512-rUGFc+hiIkx9QrpyNdwknAbMw9GpjKXIevZzuadmEELuzSou4Rb8qnc6pAseuBJMKh8D3Yx0cJaa9XzTEsieGw=="
    }
  }
}
